<?xml version="1.0" encoding="utf-8"?>
<Project ToolsVersion="4.0" xmlns="http://schemas.microsoft.com/developer/msbuild/2003">
  <ItemGroup>
    <Filter Include="Source Files">
      <UniqueIdentifier>{4FC737F1-C7A5-4376-A066-2A32D752A2FF}</UniqueIdentifier>
      <Extensions>cpp;c;cc;cxx;c++;cppm;ixx;def;odl;idl;hpj;bat;asm;asmx</Extensions>
    </Filter>
    <Filter Include="Header Files">
      <UniqueIdentifier>{93995380-89BD-4b04-88EB-625FBE52EBFB}</UniqueIdentifier>
      <Extensions>h;hh;hpp;hxx;h++;hm;inl;inc;ipp;xsd</Extensions>
    </Filter>
    <Filter Include="Resource Files">
      <UniqueIdentifier>{67DA6AB6-F800-4c08-8B7A-83BB121AAD01}</UniqueIdentifier>
      <Extensions>rc;ico;cur;bmp;dlg;rc2;rct;bin;rgs;gif;jpg;jpeg;jpe;resx;tiff;tif;png;wav;mfcribbon-ms</Extensions>
    </Filter>
    <Filter Include="Source Files\include">
      <UniqueIdentifier>{8834cbec-6aa8-412b-b430-5cab0d40b6c1}</UniqueIdentifier>
    </Filter>
    <Filter Include="Source Files\src">
      <UniqueIdentifier>{14db4437-edc2-43d5-8a17-563bb95ee69a}</UniqueIdentifier>
    </Filter>
    <Filter Include="Source Files\Shaders">
      <UniqueIdentifier>{9b1ec4a9-3b21-40ec-9a31-98e66e42590a}</UniqueIdentifier>
    </Filter>
    <Filter Include="Source Files\include\stb">
      <UniqueIdentifier>{c186eeda-f48d-47a3-ba49-7d5310eaa0dc}</UniqueIdentifier>
    </Filter>
    <Filter Include="Source Files\include\Textures">
      <UniqueIdentifier>{40ab3be9-e5b4-4238-ab7a-4c2aabaf6118}</UniqueIdentifier>
    </Filter>
  </ItemGroup>
  <ItemGroup>
    <ClCompile Include="..\..\..\..\..\..\OpenGL\OpenGL\GLAD\glad\src\src\glad.c">
      <Filter>Source Files\src</Filter>
    </ClCompile>
    <ClCompile Include="Application.cpp">
      <Filter>Source Files\src</Filter>
    </ClCompile>
    <ClCompile Include="stb.cpp">
      <Filter>Source Files\include\stb</Filter>
    </ClCompile>
    <ClCompile Include="Model.cpp">
      <Filter>Source Files\src</Filter>
    </ClCompile>
    <ClCompile Include="Camera.cpp">
      <Filter>Source Files\src</Filter>
    </ClCompile>
    <ClCompile Include="Main.cpp">
      <Filter>Source Files\src</Filter>
    </ClCompile>
    <ClCompile Include="Mesh.cpp">
      <Filter>Source Files\src</Filter>
    </ClCompile>
    <ClCompile Include="Shader.cpp">
      <Filter>Source Files\src</Filter>
    </ClCompile>
    <ClCompile Include="Texture.cpp">
      <Filter>Source Files\src</Filter>
    </ClCompile>
    <ClCompile Include="Light.cpp">
      <Filter>Source Files\src</Filter>
    </ClCompile>
  </ItemGroup>
  <ItemGroup>
    <ClInclude Include="application.h">
      <Filter>Source Files\include</Filter>
    </ClInclude>
    <ClInclude Include="types.h">
      <Filter>Source Files\include</Filter>
    </ClInclude>
    <ClInclude Include="Mesh.h">
      <Filter>Source Files\include</Filter>
    </ClInclude>
    <ClInclude Include="Shader.h">
      <Filter>Source Files\include</Filter>
    </ClInclude>
    <ClInclude Include="Camera.h">
      <Filter>Source Files\include</Filter>
    </ClInclude>
    <ClInclude Include="resource.h">
      <Filter>Source Files\include</Filter>
    </ClInclude>
    <ClInclude Include="..\..\..\..\Downloads\stb_image.h">
      <Filter>Source Files\include\stb</Filter>
    </ClInclude>
    <ClInclude Include="Texture.h">
      <Filter>Source Files\include</Filter>
    </ClInclude>
    <ClInclude Include="Model.h">
      <Filter>Source Files\include</Filter>
    </ClInclude>
    <ClInclude Include="Light.h">
      <Filter>Source Files\include</Filter>
    </ClInclude>
    <ClInclude Include="glad.h">
      <Filter>Source Files\include</Filter>
    </ClInclude>
  </ItemGroup>
  <ItemGroup>
    <ResourceCompile Include="CS-330 Assignment.rc">
      <Filter>Resource Files</Filter>
    </ResourceCompile>
  </ItemGroup>
  <ItemGroup>
    <None Include="Shaders\Basic_Shader.frag">
      <Filter>Source Files\Shaders</Filter>
    </None>
    <None Include="Shaders\Basic_Shader.vert">
      <Filter>Source Files\Shaders</Filter>
    </None>
    <None Include="Shaders\Basic_Light.frag">
      <Filter>Source Files\Shaders</Filter>
    </None>
    <None Include="Shaders\Basic_Light.vert">
      <Filter>Source Files\Shaders</Filter>
    </None>
    <None Include="Shaders\Light_Cube_shader.frag">
      <Filter>Source Files\Shaders</Filter>
    </None>
    <None Include="Shaders\Light_Cube_shader.vert">
      <Filter>Source Files\Shaders</Filter>
    </None>
  </ItemGroup>
  <ItemGroup>
    <Image Include="brick.jpg">
      <Filter>Source Files\include\Textures</Filter>
    </Image>
    <Image Include="wood.jpg">
      <Filter>Source Files\include\Textures</Filter>
    </Image>
    <Image Include="fuzzy.jpg">
      <Filter>Source Files\include\Textures</Filter>
    </Image>
  </ItemGroup>
</Project>